
Microsoft Visual Studio Solution File, Format Version 12.00
# Visual Studio Version 17
VisualStudioVersion = 17.5.002.0
MinimumVisualStudioVersion = 10.0.40219.1
Project("{9A19103F-16F7-4668-BE54-9A1E7A4F7556}") = "CommonFluentValidAPI", "CommonFluentValidAPI.csproj", "{E8051168-2320-46CB-BE9D-3EB7E92A43A6}"
EndProject
Global
	GlobalSection(SolutionConfigurationPlatforms) = preSolution
		Debug|Any CPU = Debug|Any CPU
		Release|Any CPU = Release|Any CPU
	EndGlobalSection
	GlobalSection(ProjectConfigurationPlatforms) = postSolution
		{E8051168-2320-46CB-BE9D-3EB7E92A43A6}.Debug|Any CPU.ActiveCfg = Debug|Any CPU
		{E8051168-2320-46CB-BE9D-3EB7E92A43A6}.Debug|Any CPU.Build.0 = Debug|Any CPU
		{E8051168-2320-46CB-BE9D-3EB7E92A43A6}.Release|Any CPU.ActiveCfg = Release|Any CPU
		{E8051168-2320-46CB-BE9D-3EB7E92A43A6}.Release|Any CPU.Build.0 = Release|Any CPU
	EndGlobalSection
	GlobalSection(SolutionProperties) = preSolution
		HideSolutionNode = FALSE
	EndGlobalSection
	GlobalSection(ExtensibilityGlobals) = postSolution
		SolutionGuid = {F9F935E1-CF8E-4EDD-BE8C-75CEBE280532}
	EndGlobalSection
EndGlobal
